// !$*UTF8*$!
{
	archiveVersion = 1;
	classes = {
	};
	objectVersion = 46;
	objects = {

/* Begin PBXBuildFile section */
		ADD153FC1BB549F400E961BA /* AppDelegate.m in Sources */ = {isa = PBXBuildFile; fileRef = ADD153E21BB549F400E961BA /* AppDelegate.m */; settings = {ASSET_TAGS = (); }; };
		ADD153FD1BB549F400E961BA /* LaunchScreen.xib in Resources */ = {isa = PBXBuildFile; fileRef = ADD153E31BB549F400E961BA /* LaunchScreen.xib */; settings = {ASSET_TAGS = (); }; };
		ADD153FE1BB549F400E961BA /* Main.storyboard in Resources */ = {isa = PBXBuildFile; fileRef = ADD153E51BB549F400E961BA /* Main.storyboard */; settings = {ASSET_TAGS = (); }; };
		ADD153FF1BB549F400E961BA /* EntityTest.m in Sources */ = {isa = PBXBuildFile; fileRef = ADD153E81BB549F400E961BA /* EntityTest.m */; settings = {ASSET_TAGS = (); }; };
		ADD154001BB549F400E961BA /* Info.plist in Resources */ = {isa = PBXBuildFile; fileRef = ADD153E91BB549F400E961BA /* Info.plist */; settings = {ASSET_TAGS = (); }; };
		ADD154011BB549F400E961BA /* KSConnectionOperation.m in Sources */ = {isa = PBXBuildFile; fileRef = ADD153ED1BB549F400E961BA /* KSConnectionOperation.m */; settings = {ASSET_TAGS = (); }; };
		ADD154021BB549F400E961BA /* KSRequestManager.m in Sources */ = {isa = PBXBuildFile; fileRef = ADD153EF1BB549F400E961BA /* KSRequestManager.m */; settings = {ASSET_TAGS = (); }; };
		ADD154031BB549F400E961BA /* NSArray+NetWorking.m in Sources */ = {isa = PBXBuildFile; fileRef = ADD153F11BB549F400E961BA /* NSArray+NetWorking.m */; settings = {ASSET_TAGS = (); }; };
		ADD154041BB549F400E961BA /* NSObject+NetWorking.m in Sources */ = {isa = PBXBuildFile; fileRef = ADD153F31BB549F400E961BA /* NSObject+NetWorking.m */; settings = {ASSET_TAGS = (); }; };
		ADD154051BB549F400E961BA /* NSObject+Mapping.m in Sources */ = {isa = PBXBuildFile; fileRef = ADD153F61BB549F400E961BA /* NSObject+Mapping.m */; settings = {ASSET_TAGS = (); }; };
		ADD154061BB549F400E961BA /* main.m in Sources */ = {isa = PBXBuildFile; fileRef = ADD153F71BB549F400E961BA /* main.m */; settings = {ASSET_TAGS = (); }; };
		ADD154071BB549F400E961BA /* MappingTest.m in Sources */ = {isa = PBXBuildFile; fileRef = ADD153F91BB549F400E961BA /* MappingTest.m */; settings = {ASSET_TAGS = (); }; };
		ADD154081BB549F400E961BA /* ViewController.m in Sources */ = {isa = PBXBuildFile; fileRef = ADD153FB1BB549F400E961BA /* ViewController.m */; settings = {ASSET_TAGS = (); }; };
/* End PBXBuildFile section */

/* Begin PBXFileReference section */
		ADA6EA6A1B5DE21F000DA0ED /* KSEntity.app */ = {isa = PBXFileReference; explicitFileType = wrapper.application; includeInIndex = 0; path = KSEntity.app; sourceTree = BUILT_PRODUCTS_DIR; };
		ADD153E11BB549F400E961BA /* AppDelegate.h */ = {isa = PBXFileReference; fileEncoding = 4; lastKnownFileType = sourcecode.c.h; path = AppDelegate.h; sourceTree = "<group>"; };
		ADD153E21BB549F400E961BA /* AppDelegate.m */ = {isa = PBXFileReference; fileEncoding = 4; lastKnownFileType = sourcecode.c.objc; path = AppDelegate.m; sourceTree = "<group>"; };
		ADD153E41BB549F400E961BA /* Base */ = {isa = PBXFileReference; lastKnownFileType = file.xib; name = Base; path = Base.lproj/LaunchScreen.xib; sourceTree = "<group>"; };
		ADD153E61BB549F400E961BA /* Base */ = {isa = PBXFileReference; lastKnownFileType = file.storyboard; name = Base; path = Base.lproj/Main.storyboard; sourceTree = "<group>"; };
		ADD153E71BB549F400E961BA /* EntityTest.h */ = {isa = PBXFileReference; fileEncoding = 4; lastKnownFileType = sourcecode.c.h; path = EntityTest.h; sourceTree = "<group>"; };
		ADD153E81BB549F400E961BA /* EntityTest.m */ = {isa = PBXFileReference; fileEncoding = 4; lastKnownFileType = sourcecode.c.objc; path = EntityTest.m; sourceTree = "<group>"; };
		ADD153E91BB549F400E961BA /* Info.plist */ = {isa = PBXFileReference; fileEncoding = 4; lastKnownFileType = text.plist.xml; path = Info.plist; sourceTree = "<group>"; };
		ADD153EC1BB549F400E961BA /* KSConnectionOperation.h */ = {isa = PBXFileReference; fileEncoding = 4; lastKnownFileType = sourcecode.c.h; path = KSConnectionOperation.h; sourceTree = "<group>"; };
		ADD153ED1BB549F400E961BA /* KSConnectionOperation.m */ = {isa = PBXFileReference; fileEncoding = 4; lastKnownFileType = sourcecode.c.objc; path = KSConnectionOperation.m; sourceTree = "<group>"; };
		ADD153EE1BB549F400E961BA /* KSRequestManager.h */ = {isa = PBXFileReference; fileEncoding = 4; lastKnownFileType = sourcecode.c.h; path = KSRequestManager.h; sourceTree = "<group>"; };
		ADD153EF1BB549F400E961BA /* KSRequestManager.m */ = {isa = PBXFileReference; fileEncoding = 4; lastKnownFileType = sourcecode.c.objc; path = KSRequestManager.m; sourceTree = "<group>"; };
		ADD153F01BB549F400E961BA /* NSArray+NetWorking.h */ = {isa = PBXFileReference; fileEncoding = 4; lastKnownFileType = sourcecode.c.h; path = "NSArray+NetWorking.h"; sourceTree = "<group>"; };
		ADD153F11BB549F400E961BA /* NSArray+NetWorking.m */ = {isa = PBXFileReference; fileEncoding = 4; lastKnownFileType = sourcecode.c.objc; path = "NSArray+NetWorking.m"; sourceTree = "<group>"; };
		ADD153F21BB549F400E961BA /* NSObject+NetWorking.h */ = {isa = PBXFileReference; fileEncoding = 4; lastKnownFileType = sourcecode.c.h; path = "NSObject+NetWorking.h"; sourceTree = "<group>"; };
		ADD153F31BB549F400E961BA /* NSObject+NetWorking.m */ = {isa = PBXFileReference; fileEncoding = 4; lastKnownFileType = sourcecode.c.objc; path = "NSObject+NetWorking.m"; sourceTree = "<group>"; };
		ADD153F51BB549F400E961BA /* NSObject+Mapping.h */ = {isa = PBXFileReference; fileEncoding = 4; lastKnownFileType = sourcecode.c.h; path = "NSObject+Mapping.h"; sourceTree = "<group>"; };
		ADD153F61BB549F400E961BA /* NSObject+Mapping.m */ = {isa = PBXFileReference; fileEncoding = 4; lastKnownFileType = sourcecode.c.objc; path = "NSObject+Mapping.m"; sourceTree = "<group>"; };
		ADD153F71BB549F400E961BA /* main.m */ = {isa = PBXFileReference; fileEncoding = 4; lastKnownFileType = sourcecode.c.objc; path = main.m; sourceTree = "<group>"; };
		ADD153F81BB549F400E961BA /* MappingTest.h */ = {isa = PBXFileReference; fileEncoding = 4; lastKnownFileType = sourcecode.c.h; path = MappingTest.h; sourceTree = "<group>"; };
		ADD153F91BB549F400E961BA /* MappingTest.m */ = {isa = PBXFileReference; fileEncoding = 4; lastKnownFileType = sourcecode.c.objc; path = MappingTest.m; sourceTree = "<group>"; };
		ADD153FA1BB549F400E961BA /* ViewController.h */ = {isa = PBXFileReference; fileEncoding = 4; lastKnownFileType = sourcecode.c.h; path = ViewController.h; sourceTree = "<group>"; };
		ADD153FB1BB549F400E961BA /* ViewController.m */ = {isa = PBXFileReference; fileEncoding = 4; lastKnownFileType = sourcecode.c.objc; path = ViewController.m; sourceTree = "<group>"; };
/* End PBXFileReference section */

/* Begin PBXFrameworksBuildPhase section */
		ADA6EA671B5DE21F000DA0ED /* Frameworks */ = {
			isa = PBXFrameworksBuildPhase;
			buildActionMask = 2147483647;
			files = (
			);
			runOnlyForDeploymentPostprocessing = 0;
		};
/* End PBXFrameworksBuildPhase section */

/* Begin PBXGroup section */
		ADA6EA611B5DE21F000DA0ED = {
			isa = PBXGroup;
			children = (
				ADD153E01BB549F400E961BA /* KSEntity */,
				ADA6EA6B1B5DE21F000DA0ED /* Products */,
			);
			sourceTree = "<group>";
		};
		ADA6EA6B1B5DE21F000DA0ED /* Products */ = {
			isa = PBXGroup;
			children = (
				ADA6EA6A1B5DE21F000DA0ED /* KSEntity.app */,
			);
			name = Products;
			sourceTree = "<group>";
		};
		ADD153E01BB549F400E961BA /* KSEntity */ = {
			isa = PBXGroup;
			children = (
				ADD153EA1BB549F400E961BA /* KSEntity */,
				ADD153E11BB549F400E961BA /* AppDelegate.h */,
				ADD153E21BB549F400E961BA /* AppDelegate.m */,
				ADD153E31BB549F400E961BA /* LaunchScreen.xib */,
				ADD153E51BB549F400E961BA /* Main.storyboard */,
				ADD153E71BB549F400E961BA /* EntityTest.h */,
				ADD153E81BB549F400E961BA /* EntityTest.m */,
				ADD153F81BB549F400E961BA /* MappingTest.h */,
				ADD153F91BB549F400E961BA /* MappingTest.m */,
				ADD153F71BB549F400E961BA /* main.m */,
				ADD153FA1BB549F400E961BA /* ViewController.h */,
				ADD153FB1BB549F400E961BA /* ViewController.m */,
				ADD153E91BB549F400E961BA /* Info.plist */,
			);
			path = KSEntity;
			sourceTree = "<group>";
		};
		ADD153EA1BB549F400E961BA /* KSEntity */ = {
			isa = PBXGroup;
			children = (
				ADD153EB1BB549F400E961BA /* NetWorking */,
				ADD153F41BB549F400E961BA /* NSObjectAddtions */,
			);
			path = KSEntity;
			sourceTree = "<group>";
		};
		ADD153EB1BB549F400E961BA /* NetWorking */ = {
			isa = PBXGroup;
			children = (
				ADD153EC1BB549F400E961BA /* KSConnectionOperation.h */,
				ADD153ED1BB549F400E961BA /* KSConnectionOperation.m */,
				ADD153EE1BB549F400E961BA /* KSRequestManager.h */,
				ADD153EF1BB549F400E961BA /* KSRequestManager.m */,
				ADD153F01BB549F400E961BA /* NSArray+NetWorking.h */,
				ADD153F11BB549F400E961BA /* NSArray+NetWorking.m */,
				ADD153F21BB549F400E961BA /* NSObject+NetWorking.h */,
				ADD153F31BB549F400E961BA /* NSObject+NetWorking.m */,
			);
			path = NetWorking;
			sourceTree = "<group>";
		};
		ADD153F41BB549F400E961BA /* NSObjectAddtions */ = {
			isa = PBXGroup;
			children = (
				ADD153F51BB549F400E961BA /* NSObject+Mapping.h */,
				ADD153F61BB549F400E961BA /* NSObject+Mapping.m */,
			);
			path = NSObjectAddtions;
			sourceTree = "<group>";
		};
/* End PBXGroup section */

/* Begin PBXNativeTarget section */
		ADA6EA691B5DE21F000DA0ED /* KSEntity */ = {
			isa = PBXNativeTarget;
			buildConfigurationList = ADA6EA8D1B5DE21F000DA0ED /* Build configuration list for PBXNativeTarget "KSEntity" */;
			buildPhases = (
				ADA6EA661B5DE21F000DA0ED /* Sources */,
				ADA6EA671B5DE21F000DA0ED /* Frameworks */,
				ADA6EA681B5DE21F000DA0ED /* Resources */,
			);
			buildRules = (
			);
			dependencies = (
			);
			name = KSEntity;
			productName = KSEntity;
			productReference = ADA6EA6A1B5DE21F000DA0ED /* KSEntity.app */;
			productType = "com.apple.product-type.application";
		};
/* End PBXNativeTarget section */

/* Begin PBXProject section */
		ADA6EA621B5DE21F000DA0ED /* Project object */ = {
			isa = PBXProject;
			attributes = {
				LastUpgradeCheck = 0640;
				ORGANIZATIONNAME = HTY;
				TargetAttributes = {
					ADA6EA691B5DE21F000DA0ED = {
						CreatedOnToolsVersion = 6.4;
					};
				};
			};
			buildConfigurationList = ADA6EA651B5DE21F000DA0ED /* Build configuration list for PBXProject "KSEntity" */;
			compatibilityVersion = "Xcode 3.2";
			developmentRegion = English;
			hasScannedForEncodings = 0;
			knownRegions = (
				en,
				Base,
			);
			mainGroup = ADA6EA611B5DE21F000DA0ED;
			productRefGroup = ADA6EA6B1B5DE21F000DA0ED /* Products */;
			projectDirPath = "";
			projectRoot = "";
			targets = (
				ADA6EA691B5DE21F000DA0ED /* KSEntity */,
			);
		};
/* End PBXProject section */

/* Begin PBXResourcesBuildPhase section */
		ADA6EA681B5DE21F000DA0ED /* Resources */ = {
			isa = PBXResourcesBuildPhase;
			buildActionMask = 2147483647;
			files = (
				ADD153FD1BB549F400E961BA /* LaunchScreen.xib in Resources */,
				ADD154001BB549F400E961BA /* Info.plist in Resources */,
				ADD153FE1BB549F400E961BA /* Main.storyboard in Resources */,
			);
			runOnlyForDeploymentPostprocessing = 0;
		};
/* End PBXResourcesBuildPhase section */

/* Begin PBXSourcesBuildPhase section */
		ADA6EA661B5DE21F000DA0ED /* Sources */ = {
			isa = PBXSourcesBuildPhase;
			buildActionMask = 2147483647;
			files = (
				ADD153FC1BB549F400E961BA /* AppDelegate.m in Sources */,
				ADD154011BB549F400E961BA /* KSConnectionOperation.m in Sources */,
				ADD154071BB549F400E961BA /* MappingTest.m in Sources */,
				ADD154021BB549F400E961BA /* KSRequestManager.m in Sources */,
				ADD153FF1BB549F400E961BA /* EntityTest.m in Sources */,
				ADD154051BB549F400E961BA /* NSObject+Mapping.m in Sources */,
				ADD154041BB549F400E961BA /* NSObject+NetWorking.m in Sources */,
				ADD154081BB549F400E961BA /* ViewController.m in Sources */,
				ADD154061BB549F400E961BA /* main.m in Sources */,
				ADD154031BB549F400E961BA /* NSArray+NetWorking.m in Sources */,
			);
			runOnlyForDeploymentPostprocessing = 0;
		};
/* End PBXSourcesBuildPhase section */

/* Begin PBXVariantGroup section */
		ADD153E31BB549F400E961BA /* LaunchScreen.xib */ = {
			isa = PBXVariantGroup;
			children = (
				ADD153E41BB549F400E961BA /* Base */,
			);
			name = LaunchScreen.xib;
			sourceTree = "<group>";
		};
		ADD153E51BB549F400E961BA /* Main.storyboard */ = {
			isa = PBXVariantGroup;
			children = (
				ADD153E61BB549F400E961BA /* Base */,
			);
			name = Main.storyboard;
			sourceTree = "<group>";
		};
/* End PBXVariantGroup section */

/* Begin XCBuildConfiguration section */
		ADA6EA8B1B5DE21F000DA0ED /* Debug */ = {
			isa = XCBuildConfiguration;
			buildSettings = {
				ALWAYS_SEARCH_USER_PATHS = NO;
				CLANG_CXX_LANGUAGE_STANDARD = "gnu++0x";
				CLANG_CXX_LIBRARY = "libc++";
				CLANG_ENABLE_MODULES = YES;
				CLANG_ENABLE_OBJC_ARC = YES;
				CLANG_WARN_BOOL_CONVERSION = YES;
				CLANG_WARN_CONSTANT_CONVERSION = YES;
				CLANG_WARN_DIRECT_OBJC_ISA_USAGE = YES_ERROR;
				CLANG_WARN_EMPTY_BODY = YES;
				CLANG_WARN_ENUM_CONVERSION = YES;
				CLANG_WARN_INT_CONVERSION = YES;
				CLANG_WARN_OBJC_ROOT_CLASS = YES_ERROR;
				CLANG_WARN_UNREACHABLE_CODE = YES;
				CLANG_WARN__DUPLICATE_METHOD_MATCH = YES;
				"CODE_SIGN_IDENTITY[sdk=iphoneos*]" = "iPhone Developer";
				COPY_PHASE_STRIP = NO;
				DEBUG_INFORMATION_FORMAT = "dwarf-with-dsym";
				ENABLE_STRICT_OBJC_MSGSEND = YES;
				GCC_C_LANGUAGE_STANDARD = gnu99;
				GCC_DYNAMIC_NO_PIC = NO;
				GCC_NO_COMMON_BLOCKS = YES;
				GCC_OPTIMIZATION_LEVEL = 0;
				GCC_PREPROCESSOR_DEFINITIONS = (
					"DEBUG=1",
					"$(inherited)",
				);
				GCC_SYMBOLS_PRIVATE_EXTERN = NO;
				GCC_WARN_64_TO_32_BIT_CONVERSION = YES;
				GCC_WARN_ABOUT_RETURN_TYPE = YES_ERROR;
				GCC_WARN_UNDECLARED_SELECTOR = YES;
				GCC_WARN_UNINITIALIZED_AUTOS = YES_AGGRESSIVE;
				GCC_WARN_UNUSED_FUNCTION = YES;
				GCC_WARN_UNUSED_VARIABLE = YES;
				IPHONEOS_DEPLOYMENT_TARGET = 8.4;
				MTL_ENABLE_DEBUG_INFO = YES;
				ONLY_ACTIVE_ARCH = YES;
				SDKROOT = iphoneos;
			};
			name = Debug;
		};
		ADA6EA8C1B5DE21F000DA0ED /* Release */ = {
			isa = XCBuildConfiguration;
			buildSettings = {
				ALWAYS_SEARCH_USER_PATHS = NO;
				CLANG_CXX_LANGUAGE_STANDARD = "gnu++0x";
				CLANG_CXX_LIBRARY = "libc++";
				CLANG_ENABLE_MODULES = YES;
				CLANG_ENABLE_OBJC_ARC = YES;
				CLANG_WARN_BOOL_CONVERSION = YES;
				CLANG_WARN_CONSTANT_CONVERSION = YES;
				CLANG_WARN_DIRECT_OBJC_ISA_USAGE = YES_ERROR;
				CLANG_WARN_EMPTY_BODY = YES;
				CLANG_WARN_ENUM_CONVERSION = YES;
				CLANG_WARN_INT_CONVERSION = YES;
				CLANG_WARN_OBJC_ROOT_CLASS = YES_ERROR;
				CLANG_WARN_UNREACHABLE_CODE = YES;
				CLANG_WARN__DUPLICATE_METHOD_MATCH = YES;
				"CODE_SIGN_IDENTITY[sdk=iphoneos*]" = "iPhone Developer";
				COPY_PHASE_STRIP = NO;
				DEBUG_INFORMATION_FORMAT = "dwarf-with-dsym";
				ENABLE_NS_ASSERTIONS = NO;
				ENABLE_STRICT_OBJC_MSGSEND = YES;
				GCC_C_LANGUAGE_STANDARD = gnu99;
				GCC_NO_COMMON_BLOCKS = YES;
				GCC_WARN_64_TO_32_BIT_CONVERSION = YES;
				GCC_WARN_ABOUT_RETURN_TYPE = YES_ERROR;
				GCC_WARN_UNDECLARED_SELECTOR = YES;
				GCC_WARN_UNINITIALIZED_AUTOS = YES_AGGRESSIVE;
				GCC_WARN_UNUSED_FUNCTION = YES;
				GCC_WARN_UNUSED_VARIABLE = YES;
				IPHONEOS_DEPLOYMENT_TARGET = 8.4;
				MTL_ENABLE_DEBUG_INFO = NO;
				SDKROOT = iphoneos;
				VALIDATE_PRODUCT = YES;
			};
			name = Release;
		};
		ADA6EA8E1B5DE21F000DA0ED /* Debug */ = {
			isa = XCBuildConfiguration;
			buildSettings = {
				ASSETCATALOG_COMPILER_APPICON_NAME = AppIcon;
				INFOPLIST_FILE = KSEntity/Info.plist;
				IPHONEOS_DEPLOYMENT_TARGET = 6.0;
				LD_RUNPATH_SEARCH_PATHS = "$(inherited) @executable_path/Frameworks";
				PRODUCT_NAME = "$(TARGET_NAME)";
			};
			name = Debug;
		};
		ADA6EA8F1B5DE21F000DA0ED /* Release */ = {
			isa = XCBuildConfiguration;
			buildSettings = {
				ASSETCATALOG_COMPILER_APPICON_NAME = AppIcon;
				INFOPLIST_FILE = KSEntity/Info.plist;
				IPHONEOS_DEPLOYMENT_TARGET = 6.0;
				LD_RUNPATH_SEARCH_PATHS = "$(inherited) @executable_path/Frameworks";
				PRODUCT_NAME = "$(TARGET_NAME)";
			};
			name = Release;
		};
/* End XCBuildConfiguration section */

/* Begin XCConfigurationList section */
		ADA6EA651B5DE21F000DA0ED /* Build configuration list for PBXProject "KSEntity" */ = {
			isa = XCConfigurationList;
			buildConfigurations = (
				ADA6EA8B1B5DE21F000DA0ED /* Debug */,
				ADA6EA8C1B5DE21F000DA0ED /* Release */,
			);
			defaultConfigurationIsVisible = 0;
			defaultConfigurationName = Release;
		};
		ADA6EA8D1B5DE21F000DA0ED /* Build configuration list for PBXNativeTarget "KSEntity" */ = {
			isa = XCConfigurationList;
			buildConfigurations = (
				ADA6EA8E1B5DE21F000DA0ED /* Debug */,
				ADA6EA8F1B5DE21F000DA0ED /* Release */,
			);
			defaultConfigurationIsVisible = 0;
			defaultConfigurationName = Release;
		};
/* End XCConfigurationList section */
	};
	rootObject = ADA6EA621B5DE21F000DA0ED /* Project object */;
}
